
Microsoft Visual Studio Solution File, Format Version 12.00
# Visual Studio Version 17
VisualStudioVersion = 17.7.34009.444
MinimumVisualStudioVersion = 10.0.40219.1
Project("{9A19103F-16F7-4668-BE54-9A1E7A4F7556}") = "Game", "Game\Game.csproj", "{6BA5AEAE-0326-40E7-814E-3C57B05E04FE}"
EndProject
Project("{9A19103F-16F7-4668-BE54-9A1E7A4F7556}") = "ConsoleApp", "ConsoleApp\ConsoleApp.csproj", "{684F6D76-B170-4C88-87DE-510358708E28}"
EndProject
Project("{FAE04EC0-301F-11D3-BF4B-00C04F79EFBC}") = "WindowsApp", "WindowsApp\WindowsApp.csproj", "{B018A838-DEAC-4392-A88A-20BB9A24EB66}"
EndProject
Global
	GlobalSection(SolutionConfigurationPlatforms) = preSolution
		Debug|Any CPU = Debug|Any CPU
		Release|Any CPU = Release|Any CPU
	EndGlobalSection
	GlobalSection(ProjectConfigurationPlatforms) = postSolution
		{6BA5AEAE-0326-40E7-814E-3C57B05E04FE}.Debug|Any CPU.ActiveCfg = Debug|Any CPU
		{6BA5AEAE-0326-40E7-814E-3C57B05E04FE}.Debug|Any CPU.Build.0 = Debug|Any CPU
		{6BA5AEAE-0326-40E7-814E-3C57B05E04FE}.Release|Any CPU.ActiveCfg = Release|Any CPU
		{6BA5AEAE-0326-40E7-814E-3C57B05E04FE}.Release|Any CPU.Build.0 = Release|Any CPU
		{684F6D76-B170-4C88-87DE-510358708E28}.Debug|Any CPU.ActiveCfg = Debug|Any CPU
		{684F6D76-B170-4C88-87DE-510358708E28}.Debug|Any CPU.Build.0 = Debug|Any CPU
		{684F6D76-B170-4C88-87DE-510358708E28}.Release|Any CPU.ActiveCfg = Release|Any CPU
		{684F6D76-B170-4C88-87DE-510358708E28}.Release|Any CPU.Build.0 = Release|Any CPU
		{B018A838-DEAC-4392-A88A-20BB9A24EB66}.Debug|Any CPU.ActiveCfg = Debug|Any CPU
		{B018A838-DEAC-4392-A88A-20BB9A24EB66}.Debug|Any CPU.Build.0 = Debug|Any CPU
		{B018A838-DEAC-4392-A88A-20BB9A24EB66}.Release|Any CPU.ActiveCfg = Release|Any CPU
		{B018A838-DEAC-4392-A88A-20BB9A24EB66}.Release|Any CPU.Build.0 = Release|Any CPU
	EndGlobalSection
	GlobalSection(SolutionProperties) = preSolution
		HideSolutionNode = FALSE
	EndGlobalSection
	GlobalSection(ExtensibilityGlobals) = postSolution
		SolutionGuid = {C6170C03-EC9D-4FC8-90AF-E580CAF50F46}
	EndGlobalSection
EndGlobal
